// !$*UTF8*$!
{
	archiveVersion = 1;
	classes = {
	};
	objectVersion = 56;
	objects = {

/* Begin PBXBuildFile section */
		CA1B8F132ABD802700B81888 /* MVVM_LearnApp.swift in Sources */ = {isa = PBXBuildFile; fileRef = CA1B8F122ABD802700B81888 /* MVVM_LearnApp.swift */; };
		CA1B8F152ABD802700B81888 /* ContentView.swift in Sources */ = {isa = PBXBuildFile; fileRef = CA1B8F142ABD802700B81888 /* ContentView.swift */; };
		CA1B8F172ABD802900B81888 /* Assets.xcassets in Resources */ = {isa = PBXBuildFile; fileRef = CA1B8F162ABD802900B81888 /* Assets.xcassets */; };
		CA1B8F1A2ABD802900B81888 /* Preview Assets.xcassets in Resources */ = {isa = PBXBuildFile; fileRef = CA1B8F192ABD802900B81888 /* Preview Assets.xcassets */; };
		CA1B8F212ABD809900B81888 /* PasswordModel.swift in Sources */ = {isa = PBXBuildFile; fileRef = CA1B8F202ABD809900B81888 /* PasswordModel.swift */; };
		CA1B8F252ABD834600B81888 /* ViewModel.swift in Sources */ = {isa = PBXBuildFile; fileRef = CA1B8F242ABD834600B81888 /* ViewModel.swift */; };
		CA1B8F282ABD86A000B81888 /* ViewModifyes.swift in Sources */ = {isa = PBXBuildFile; fileRef = CA1B8F272ABD86A000B81888 /* ViewModifyes.swift */; };
/* End PBXBuildFile section */

/* Begin PBXFileReference section */
		CA1B8F0F2ABD802700B81888 /* MVVM Learn.app */ = {isa = PBXFileReference; explicitFileType = wrapper.application; includeInIndex = 0; path = "MVVM Learn.app"; sourceTree = BUILT_PRODUCTS_DIR; };
		CA1B8F122ABD802700B81888 /* MVVM_LearnApp.swift */ = {isa = PBXFileReference; lastKnownFileType = sourcecode.swift; path = MVVM_LearnApp.swift; sourceTree = "<group>"; };
		CA1B8F142ABD802700B81888 /* ContentView.swift */ = {isa = PBXFileReference; lastKnownFileType = sourcecode.swift; path = ContentView.swift; sourceTree = "<group>"; };
		CA1B8F162ABD802900B81888 /* Assets.xcassets */ = {isa = PBXFileReference; lastKnownFileType = folder.assetcatalog; path = Assets.xcassets; sourceTree = "<group>"; };
		CA1B8F192ABD802900B81888 /* Preview Assets.xcassets */ = {isa = PBXFileReference; lastKnownFileType = folder.assetcatalog; path = "Preview Assets.xcassets"; sourceTree = "<group>"; };
		CA1B8F202ABD809900B81888 /* PasswordModel.swift */ = {isa = PBXFileReference; lastKnownFileType = sourcecode.swift; path = PasswordModel.swift; sourceTree = "<group>"; };
		CA1B8F242ABD834600B81888 /* ViewModel.swift */ = {isa = PBXFileReference; lastKnownFileType = sourcecode.swift; path = ViewModel.swift; sourceTree = "<group>"; };
		CA1B8F272ABD86A000B81888 /* ViewModifyes.swift */ = {isa = PBXFileReference; lastKnownFileType = sourcecode.swift; path = ViewModifyes.swift; sourceTree = "<group>"; };
/* End PBXFileReference section */

/* Begin PBXFrameworksBuildPhase section */
		CA1B8F0C2ABD802700B81888 /* Frameworks */ = {
			isa = PBXFrameworksBuildPhase;
			buildActionMask = 2147483647;
			files = (
			);
			runOnlyForDeploymentPostprocessing = 0;
		};
/* End PBXFrameworksBuildPhase section */

/* Begin PBXGroup section */
		CA1B8F062ABD802700B81888 = {
			isa = PBXGroup;
			children = (
				CA1B8F112ABD802700B81888 /* MVVM Learn */,
				CA1B8F102ABD802700B81888 /* Products */,
			);
			sourceTree = "<group>";
		};
		CA1B8F102ABD802700B81888 /* Products */ = {
			isa = PBXGroup;
			children = (
				CA1B8F0F2ABD802700B81888 /* MVVM Learn.app */,
			);
			name = Products;
			sourceTree = "<group>";
		};
		CA1B8F112ABD802700B81888 /* MVVM Learn */ = {
			isa = PBXGroup;
			children = (
				CA1B8F122ABD802700B81888 /* MVVM_LearnApp.swift */,
				CA1B8F262ABD868300B81888 /* View */,
				CA1B8F232ABD832100B81888 /* ViewModel */,
				CA1B8F222ABD80A500B81888 /* Model */,
				CA1B8F162ABD802900B81888 /* Assets.xcassets */,
				CA1B8F182ABD802900B81888 /* Preview Content */,
			);
			path = "MVVM Learn";
			sourceTree = "<group>";
		};
		CA1B8F182ABD802900B81888 /* Preview Content */ = {
			isa = PBXGroup;
			children = (
				CA1B8F192ABD802900B81888 /* Preview Assets.xcassets */,
			);
			path = "Preview Content";
			sourceTree = "<group>";
		};
		CA1B8F222ABD80A500B81888 /* Model */ = {
			isa = PBXGroup;
			children = (
				CA1B8F202ABD809900B81888 /* PasswordModel.swift */,
			);
			path = Model;
			sourceTree = "<group>";
		};
		CA1B8F232ABD832100B81888 /* ViewModel */ = {
			isa = PBXGroup;
			children = (
				CA1B8F242ABD834600B81888 /* ViewModel.swift */,
			);
			path = ViewModel;
			sourceTree = "<group>";
		};
		CA1B8F262ABD868300B81888 /* View */ = {
			isa = PBXGroup;
			children = (
				CA1B8F142ABD802700B81888 /* ContentView.swift */,
				CA1B8F272ABD86A000B81888 /* ViewModifyes.swift */,
			);
			path = View;
			sourceTree = "<group>";
		};
/* End PBXGroup section */

/* Begin PBXNativeTarget section */
		CA1B8F0E2ABD802700B81888 /* MVVM Learn */ = {
			isa = PBXNativeTarget;
			buildConfigurationList = CA1B8F1D2ABD802900B81888 /* Build configuration list for PBXNativeTarget "MVVM Learn" */;
			buildPhases = (
				CA1B8F0B2ABD802700B81888 /* Sources */,
				CA1B8F0C2ABD802700B81888 /* Frameworks */,
				CA1B8F0D2ABD802700B81888 /* Resources */,
			);
			buildRules = (
			);
			dependencies = (
			);
			name = "MVVM Learn";
			productName = "MVVM Learn";
			productReference = CA1B8F0F2ABD802700B81888 /* MVVM Learn.app */;
			productType = "com.apple.product-type.application";
		};
/* End PBXNativeTarget section */

/* Begin PBXProject section */
		CA1B8F072ABD802700B81888 /* Project object */ = {
			isa = PBXProject;
			attributes = {
				BuildIndependentTargetsInParallel = 1;
				LastSwiftUpdateCheck = 1430;
				LastUpgradeCheck = 1430;
				TargetAttributes = {
					CA1B8F0E2ABD802700B81888 = {
						CreatedOnToolsVersion = 14.3.1;
					};
				};
			};
			buildConfigurationList = CA1B8F0A2ABD802700B81888 /* Build configuration list for PBXProject "MVVM Learn" */;
			compatibilityVersion = "Xcode 14.0";
			developmentRegion = en;
			hasScannedForEncodings = 0;
			knownRegions = (
				en,
				Base,
			);
			mainGroup = CA1B8F062ABD802700B81888;
			productRefGroup = CA1B8F102ABD802700B81888 /* Products */;
			projectDirPath = "";
			projectRoot = "";
			targets = (
				CA1B8F0E2ABD802700B81888 /* MVVM Learn */,
			);
		};
/* End PBXProject section */

/* Begin PBXResourcesBuildPhase section */
		CA1B8F0D2ABD802700B81888 /* Resources */ = {
			isa = PBXResourcesBuildPhase;
			buildActionMask = 2147483647;
			files = (
				CA1B8F1A2ABD802900B81888 /* Preview Assets.xcassets in Resources */,
				CA1B8F172ABD802900B81888 /* Assets.xcassets in Resources */,
			);
			runOnlyForDeploymentPostprocessing = 0;
		};
/* End PBXResourcesBuildPhase section */

/* Begin PBXSourcesBuildPhase section */
		CA1B8F0B2ABD802700B81888 /* Sources */ = {
			isa = PBXSourcesBuildPhase;
			buildActionMask = 2147483647;
			files = (
				CA1B8F212ABD809900B81888 /* PasswordModel.swift in Sources */,
				CA1B8F152ABD802700B81888 /* ContentView.swift in Sources */,
				CA1B8F252ABD834600B81888 /* ViewModel.swift in Sources */,
				CA1B8F132ABD802700B81888 /* MVVM_LearnApp.swift in Sources */,
				CA1B8F282ABD86A000B81888 /* ViewModifyes.swift in Sources */,
			);
			runOnlyForDeploymentPostprocessing = 0;
		};
/* End PBXSourcesBuildPhase section */

/* Begin XCBuildConfiguration section */
		CA1B8F1B2ABD802900B81888 /* Debug */ = {
			isa = XCBuildConfiguration;
			buildSettings = {
				ALWAYS_SEARCH_USER_PATHS = NO;
				CLANG_ANALYZER_NONNULL = YES;
				CLANG_ANALYZER_NUMBER_OBJECT_CONVERSION = YES_AGGRESSIVE;
				CLANG_CXX_LANGUAGE_STANDARD = "gnu++20";
				CLANG_ENABLE_MODULES = YES;
				CLANG_ENABLE_OBJC_ARC = YES;
				CLANG_ENABLE_OBJC_WEAK = YES;
				CLANG_WARN_BLOCK_CAPTURE_AUTORELEASING = YES;
				CLANG_WARN_BOOL_CONVERSION = YES;
				CLANG_WARN_COMMA = YES;
				CLANG_WARN_CONSTANT_CONVERSION = YES;
				CLANG_WARN_DEPRECATED_OBJC_IMPLEMENTATIONS = YES;
				CLANG_WARN_DIRECT_OBJC_ISA_USAGE = YES_ERROR;
				CLANG_WARN_DOCUMENTATION_COMMENTS = YES;
				CLANG_WARN_EMPTY_BODY = YES;
				CLANG_WARN_ENUM_CONVERSION = YES;
				CLANG_WARN_INFINITE_RECURSION = YES;
				CLANG_WARN_INT_CONVERSION = YES;
				CLANG_WARN_NON_LITERAL_NULL_CONVERSION = YES;
				CLANG_WARN_OBJC_IMPLICIT_RETAIN_SELF = YES;
				CLANG_WARN_OBJC_LITERAL_CONVERSION = YES;
				CLANG_WARN_OBJC_ROOT_CLASS = YES_ERROR;
				CLANG_WARN_QUOTED_INCLUDE_IN_FRAMEWORK_HEADER = YES;
				CLANG_WARN_RANGE_LOOP_ANALYSIS = YES;
				CLANG_WARN_STRICT_PROTOTYPES = YES;
				CLANG_WARN_SUSPICIOUS_MOVE = YES;
				CLANG_WARN_UNGUARDED_AVAILABILITY = YES_AGGRESSIVE;
				CLANG_WARN_UNREACHABLE_CODE = YES;
				CLANG_WARN__DUPLICATE_METHOD_MATCH = YES;
				COPY_PHASE_STRIP = NO;
				DEBUG_INFORMATION_FORMAT = dwarf;
				ENABLE_STRICT_OBJC_MSGSEND = YES;
				ENABLE_TESTABILITY = YES;
				GCC_C_LANGUAGE_STANDARD = gnu11;
				GCC_DYNAMIC_NO_PIC = NO;
				GCC_NO_COMMON_BLOCKS = YES;
				GCC_OPTIMIZATION_LEVEL = 0;
				GCC_PREPROCESSOR_DEFINITIONS = (
					"DEBUG=1",
					"$(inherited)",
				);
				GCC_WARN_64_TO_32_BIT_CONVERSION = YES;
				GCC_WARN_ABOUT_RETURN_TYPE = YES_ERROR;
				GCC_WARN_UNDECLARED_SELECTOR = YES;
				GCC_WARN_UNINITIALIZED_AUTOS = YES_AGGRESSIVE;
				GCC_WARN_UNUSED_FUNCTION = YES;
				GCC_WARN_UNUSED_VARIABLE = YES;
				IPHONEOS_DEPLOYMENT_TARGET = 16.4;
				MTL_ENABLE_DEBUG_INFO = INCLUDE_SOURCE;
				MTL_FAST_MATH = YES;
				ONLY_ACTIVE_ARCH = YES;
				SDKROOT = iphoneos;
				SWIFT_ACTIVE_COMPILATION_CONDITIONS = DEBUG;
				SWIFT_OPTIMIZATION_LEVEL = "-Onone";
			};
			name = Debug;
		};
		CA1B8F1C2ABD802900B81888 /* Release */ = {
			isa = XCBuildConfiguration;
			buildSettings = {
				ALWAYS_SEARCH_USER_PATHS = NO;
				CLANG_ANALYZER_NONNULL = YES;
				CLANG_ANALYZER_NUMBER_OBJECT_CONVERSION = YES_AGGRESSIVE;
				CLANG_CXX_LANGUAGE_STANDARD = "gnu++20";
				CLANG_ENABLE_MODULES = YES;
				CLANG_ENABLE_OBJC_ARC = YES;
				CLANG_ENABLE_OBJC_WEAK = YES;
				CLANG_WARN_BLOCK_CAPTURE_AUTORELEASING = YES;
				CLANG_WARN_BOOL_CONVERSION = YES;
				CLANG_WARN_COMMA = YES;
				CLANG_WARN_CONSTANT_CONVERSION = YES;
				CLANG_WARN_DEPRECATED_OBJC_IMPLEMENTATIONS = YES;
				CLANG_WARN_DIRECT_OBJC_ISA_USAGE = YES_ERROR;
				CLANG_WARN_DOCUMENTATION_COMMENTS = YES;
				CLANG_WARN_EMPTY_BODY = YES;
				CLANG_WARN_ENUM_CONVERSION = YES;
				CLANG_WARN_INFINITE_RECURSION = YES;
				CLANG_WARN_INT_CONVERSION = YES;
				CLANG_WARN_NON_LITERAL_NULL_CONVERSION = YES;
				CLANG_WARN_OBJC_IMPLICIT_RETAIN_SELF = YES;
				CLANG_WARN_OBJC_LITERAL_CONVERSION = YES;
				CLANG_WARN_OBJC_ROOT_CLASS = YES_ERROR;
				CLANG_WARN_QUOTED_INCLUDE_IN_FRAMEWORK_HEADER = YES;
				CLANG_WARN_RANGE_LOOP_ANALYSIS = YES;
				CLANG_WARN_STRICT_PROTOTYPES = YES;
				CLANG_WARN_SUSPICIOUS_MOVE = YES;
				CLANG_WARN_UNGUARDED_AVAILABILITY = YES_AGGRESSIVE;
				CLANG_WARN_UNREACHABLE_CODE = YES;
				CLANG_WARN__DUPLICATE_METHOD_MATCH = YES;
				COPY_PHASE_STRIP = NO;
				DEBUG_INFORMATION_FORMAT = "dwarf-with-dsym";
				ENABLE_NS_ASSERTIONS = NO;
				ENABLE_STRICT_OBJC_MSGSEND = YES;
				GCC_C_LANGUAGE_STANDARD = gnu11;
				GCC_NO_COMMON_BLOCKS = YES;
				GCC_WARN_64_TO_32_BIT_CONVERSION = YES;
				GCC_WARN_ABOUT_RETURN_TYPE = YES_ERROR;
				GCC_WARN_UNDECLARED_SELECTOR = YES;
				GCC_WARN_UNINITIALIZED_AUTOS = YES_AGGRESSIVE;
				GCC_WARN_UNUSED_FUNCTION = YES;
				GCC_WARN_UNUSED_VARIABLE = YES;
				IPHONEOS_DEPLOYMENT_TARGET = 16.4;
				MTL_ENABLE_DEBUG_INFO = NO;
				MTL_FAST_MATH = YES;
				SDKROOT = iphoneos;
				SWIFT_COMPILATION_MODE = wholemodule;
				SWIFT_OPTIMIZATION_LEVEL = "-O";
				VALIDATE_PRODUCT = YES;
			};
			name = Release;
		};
		CA1B8F1E2ABD802900B81888 /* Debug */ = {
			isa = XCBuildConfiguration;
			buildSettings = {
				ASSETCATALOG_COMPILER_APPICON_NAME = AppIcon;
				ASSETCATALOG_COMPILER_GLOBAL_ACCENT_COLOR_NAME = AccentColor;
				CODE_SIGN_STYLE = Automatic;
				CURRENT_PROJECT_VERSION = 1;
				DEVELOPMENT_ASSET_PATHS = "\"MVVM Learn/Preview Content\"";
				DEVELOPMENT_TEAM = DV44CNGRPD;
				ENABLE_PREVIEWS = YES;
				GENERATE_INFOPLIST_FILE = YES;
				INFOPLIST_KEY_UIApplicationSceneManifest_Generation = YES;
				INFOPLIST_KEY_UIApplicationSupportsIndirectInputEvents = YES;
				INFOPLIST_KEY_UILaunchScreen_Generation = YES;
				INFOPLIST_KEY_UISupportedInterfaceOrientations_iPad = "UIInterfaceOrientationPortrait UIInterfaceOrientationPortraitUpsideDown UIInterfaceOrientationLandscapeLeft UIInterfaceOrientationLandscapeRight";
				INFOPLIST_KEY_UISupportedInterfaceOrientations_iPhone = "UIInterfaceOrientationPortrait UIInterfaceOrientationLandscapeLeft UIInterfaceOrientationLandscapeRight";
				LD_RUNPATH_SEARCH_PATHS = (
					"$(inherited)",
					"@executable_path/Frameworks",
				);
				MARKETING_VERSION = 1.0;
				PRODUCT_BUNDLE_IDENTIFIER = "Ruish.MVVM-Learn";
				PRODUCT_NAME = "$(TARGET_NAME)";
				SWIFT_EMIT_LOC_STRINGS = YES;
				SWIFT_VERSION = 5.0;
				TARGETED_DEVICE_FAMILY = "1,2";
			};
			name = Debug;
		};
		CA1B8F1F2ABD802900B81888 /* Release */ = {
			isa = XCBuildConfiguration;
			buildSettings = {
				ASSETCATALOG_COMPILER_APPICON_NAME = AppIcon;
				ASSETCATALOG_COMPILER_GLOBAL_ACCENT_COLOR_NAME = AccentColor;
				CODE_SIGN_STYLE = Automatic;
				CURRENT_PROJECT_VERSION = 1;
				DEVELOPMENT_ASSET_PATHS = "\"MVVM Learn/Preview Content\"";
				DEVELOPMENT_TEAM = DV44CNGRPD;
				ENABLE_PREVIEWS = YES;
				GENERATE_INFOPLIST_FILE = YES;
				INFOPLIST_KEY_UIApplicationSceneManifest_Generation = YES;
				INFOPLIST_KEY_UIApplicationSupportsIndirectInputEvents = YES;
				INFOPLIST_KEY_UILaunchScreen_Generation = YES;
				INFOPLIST_KEY_UISupportedInterfaceOrientations_iPad = "UIInterfaceOrientationPortrait UIInterfaceOrientationPortraitUpsideDown UIInterfaceOrientationLandscapeLeft UIInterfaceOrientationLandscapeRight";
				INFOPLIST_KEY_UISupportedInterfaceOrientations_iPhone = "UIInterfaceOrientationPortrait UIInterfaceOrientationLandscapeLeft UIInterfaceOrientationLandscapeRight";
				LD_RUNPATH_SEARCH_PATHS = (
					"$(inherited)",
					"@executable_path/Frameworks",
				);
				MARKETING_VERSION = 1.0;
				PRODUCT_BUNDLE_IDENTIFIER = "Ruish.MVVM-Learn";
				PRODUCT_NAME = "$(TARGET_NAME)";
				SWIFT_EMIT_LOC_STRINGS = YES;
				SWIFT_VERSION = 5.0;
				TARGETED_DEVICE_FAMILY = "1,2";
			};
			name = Release;
		};
/* End XCBuildConfiguration section */

/* Begin XCConfigurationList section */
		CA1B8F0A2ABD802700B81888 /* Build configuration list for PBXProject "MVVM Learn" */ = {
			isa = XCConfigurationList;
			buildConfigurations = (
				CA1B8F1B2ABD802900B81888 /* Debug */,
				CA1B8F1C2ABD802900B81888 /* Release */,
			);
			defaultConfigurationIsVisible = 0;
			defaultConfigurationName = Release;
		};
		CA1B8F1D2ABD802900B81888 /* Build configuration list for PBXNativeTarget "MVVM Learn" */ = {
			isa = XCConfigurationList;
			buildConfigurations = (
				CA1B8F1E2ABD802900B81888 /* Debug */,
				CA1B8F1F2ABD802900B81888 /* Release */,
			);
			defaultConfigurationIsVisible = 0;
			defaultConfigurationName = Release;
		};
/* End XCConfigurationList section */
	};
	rootObject = CA1B8F072ABD802700B81888 /* Project object */;
}
